{
  "name": "next-simple-starter",
  "version": "1.0.0",
  "lockfileVersion": 1,
  "dependencies": {
    "isarray": {
      "version": "0.0.1",
      "resolved": "https://registry.npmjs.org/isarray/-/isarray-0.0.1.tgz",
      "integrity": "sha1-ihis/Kmo9Bd+Cav8YDiTmwXR7t8="
    },
    "next-routes": {
      "version": "1.1.0",
      "resolved": "https://registry.npmjs.org/next-routes/-/next-routes-1.1.0.tgz",
      "integrity": "sha512-SGEuDiA8uBPewNHTz5phDiVLbWMLv3FJjM2EgSS5+kkOgzF826UQvab03geZo/ncIRU1HQHuyV32Tb/pyoD2eQ=="
    },
    "path-to-regexp": {
      "version": "1.7.0",
      "resolved": "https://registry.npmjs.org/path-to-regexp/-/path-to-regexp-1.7.0.tgz",
      "integrity": "sha1-Wf3g9DW62suhA6hOnTvGTpa5k30="
    }
  }
}
